// !$*UTF8*$!
{
	archiveVersion = 1;
	classes = {
	};
	objectVersion = 50;
	objects = {

/* Begin PBXBuildFile section */
		CDE1ADDF225BABE700F0D0E4 /* BuyCoordinator.swift in Sources */ = {isa = PBXBuildFile; fileRef = CDE1ADDE225BABE700F0D0E4 /* BuyCoordinator.swift */; };
		ECAD830222577F32001626C8 /* AppDelegate.swift in Sources */ = {isa = PBXBuildFile; fileRef = ECAD830122577F32001626C8 /* AppDelegate.swift */; };
		ECAD830422577F32001626C8 /* ViewController.swift in Sources */ = {isa = PBXBuildFile; fileRef = ECAD830322577F32001626C8 /* ViewController.swift */; };
		ECAD830722577F32001626C8 /* Main.storyboard in Resources */ = {isa = PBXBuildFile; fileRef = ECAD830522577F32001626C8 /* Main.storyboard */; };
		ECAD830922577F34001626C8 /* Assets.xcassets in Resources */ = {isa = PBXBuildFile; fileRef = ECAD830822577F34001626C8 /* Assets.xcassets */; };
		ECAD830C22577F34001626C8 /* LaunchScreen.storyboard in Resources */ = {isa = PBXBuildFile; fileRef = ECAD830A22577F34001626C8 /* LaunchScreen.storyboard */; };
		ECAD831422577F6F001626C8 /* Coordinator.swift in Sources */ = {isa = PBXBuildFile; fileRef = ECAD831322577F6F001626C8 /* Coordinator.swift */; };
		ECAD83162257801A001626C8 /* Storyboarded.swift in Sources */ = {isa = PBXBuildFile; fileRef = ECAD83152257801A001626C8 /* Storyboarded.swift */; };
		ECAD83182257814D001626C8 /* MainCoordinator.swift in Sources */ = {isa = PBXBuildFile; fileRef = ECAD83172257814D001626C8 /* MainCoordinator.swift */; };
		ECAD831A22578377001626C8 /* BuyViewController.swift in Sources */ = {isa = PBXBuildFile; fileRef = ECAD831922578377001626C8 /* BuyViewController.swift */; };
		ECAD831C22578380001626C8 /* CreateAccountViewController.swift in Sources */ = {isa = PBXBuildFile; fileRef = ECAD831B22578380001626C8 /* CreateAccountViewController.swift */; };
/* End PBXBuildFile section */

/* Begin PBXFileReference section */
		CDE1ADDE225BABE700F0D0E4 /* BuyCoordinator.swift */ = {isa = PBXFileReference; lastKnownFileType = sourcecode.swift; path = BuyCoordinator.swift; sourceTree = "<group>"; };
		ECAD82FE22577F31001626C8 /* Coordinators.app */ = {isa = PBXFileReference; explicitFileType = wrapper.application; includeInIndex = 0; path = Coordinators.app; sourceTree = BUILT_PRODUCTS_DIR; };
		ECAD830122577F32001626C8 /* AppDelegate.swift */ = {isa = PBXFileReference; lastKnownFileType = sourcecode.swift; path = AppDelegate.swift; sourceTree = "<group>"; };
		ECAD830322577F32001626C8 /* ViewController.swift */ = {isa = PBXFileReference; lastKnownFileType = sourcecode.swift; path = ViewController.swift; sourceTree = "<group>"; };
		ECAD830622577F32001626C8 /* Base */ = {isa = PBXFileReference; lastKnownFileType = file.storyboard; name = Base; path = Base.lproj/Main.storyboard; sourceTree = "<group>"; };
		ECAD830822577F34001626C8 /* Assets.xcassets */ = {isa = PBXFileReference; lastKnownFileType = folder.assetcatalog; path = Assets.xcassets; sourceTree = "<group>"; };
		ECAD830B22577F34001626C8 /* Base */ = {isa = PBXFileReference; lastKnownFileType = file.storyboard; name = Base; path = Base.lproj/LaunchScreen.storyboard; sourceTree = "<group>"; };
		ECAD830D22577F34001626C8 /* Info.plist */ = {isa = PBXFileReference; lastKnownFileType = text.plist.xml; path = Info.plist; sourceTree = "<group>"; };
		ECAD831322577F6F001626C8 /* Coordinator.swift */ = {isa = PBXFileReference; lastKnownFileType = sourcecode.swift; path = Coordinator.swift; sourceTree = "<group>"; };
		ECAD83152257801A001626C8 /* Storyboarded.swift */ = {isa = PBXFileReference; lastKnownFileType = sourcecode.swift; path = Storyboarded.swift; sourceTree = "<group>"; };
		ECAD83172257814D001626C8 /* MainCoordinator.swift */ = {isa = PBXFileReference; lastKnownFileType = sourcecode.swift; path = MainCoordinator.swift; sourceTree = "<group>"; };
		ECAD831922578377001626C8 /* BuyViewController.swift */ = {isa = PBXFileReference; lastKnownFileType = sourcecode.swift; path = BuyViewController.swift; sourceTree = "<group>"; };
		ECAD831B22578380001626C8 /* CreateAccountViewController.swift */ = {isa = PBXFileReference; lastKnownFileType = sourcecode.swift; path = CreateAccountViewController.swift; sourceTree = "<group>"; };
/* End PBXFileReference section */

/* Begin PBXFrameworksBuildPhase section */
		ECAD82FB22577F31001626C8 /* Frameworks */ = {
			isa = PBXFrameworksBuildPhase;
			buildActionMask = 2147483647;
			files = (
			);
			runOnlyForDeploymentPostprocessing = 0;
		};
/* End PBXFrameworksBuildPhase section */

/* Begin PBXGroup section */
		ECAD82F522577F31001626C8 = {
			isa = PBXGroup;
			children = (
				CDE1ADDE225BABE700F0D0E4 /* BuyCoordinator.swift */,
				ECAD830022577F31001626C8 /* Coordinators */,
				ECAD82FF22577F31001626C8 /* Products */,
			);
			sourceTree = "<group>";
		};
		ECAD82FF22577F31001626C8 /* Products */ = {
			isa = PBXGroup;
			children = (
				ECAD82FE22577F31001626C8 /* Coordinators.app */,
			);
			name = Products;
			sourceTree = "<group>";
		};
		ECAD830022577F31001626C8 /* Coordinators */ = {
			isa = PBXGroup;
			children = (
				ECAD831322577F6F001626C8 /* Coordinator.swift */,
				ECAD83152257801A001626C8 /* Storyboarded.swift */,
				ECAD830122577F32001626C8 /* AppDelegate.swift */,
				ECAD830322577F32001626C8 /* ViewController.swift */,
				ECAD830522577F32001626C8 /* Main.storyboard */,
				ECAD83172257814D001626C8 /* MainCoordinator.swift */,
				ECAD831922578377001626C8 /* BuyViewController.swift */,
				ECAD831B22578380001626C8 /* CreateAccountViewController.swift */,
				ECAD830822577F34001626C8 /* Assets.xcassets */,
				ECAD830A22577F34001626C8 /* LaunchScreen.storyboard */,
				ECAD830D22577F34001626C8 /* Info.plist */,
			);
			path = Coordinators;
			sourceTree = "<group>";
		};
/* End PBXGroup section */

/* Begin PBXNativeTarget section */
		ECAD82FD22577F31001626C8 /* Coordinators */ = {
			isa = PBXNativeTarget;
			buildConfigurationList = ECAD831022577F34001626C8 /* Build configuration list for PBXNativeTarget "Coordinators" */;
			buildPhases = (
				ECAD82FA22577F31001626C8 /* Sources */,
				ECAD82FB22577F31001626C8 /* Frameworks */,
				ECAD82FC22577F31001626C8 /* Resources */,
			);
			buildRules = (
			);
			dependencies = (
			);
			name = Coordinators;
			productName = Coordinators;
			productReference = ECAD82FE22577F31001626C8 /* Coordinators.app */;
			productType = "com.apple.product-type.application";
		};
/* End PBXNativeTarget section */

/* Begin PBXProject section */
		ECAD82F622577F31001626C8 /* Project object */ = {
			isa = PBXProject;
			attributes = {
				LastSwiftUpdateCheck = 1010;
				LastUpgradeCheck = 1010;
				ORGANIZATIONNAME = "Hoang Nguyen";
				TargetAttributes = {
					ECAD82FD22577F31001626C8 = {
						CreatedOnToolsVersion = 10.1;
					};
				};
			};
			buildConfigurationList = ECAD82F922577F31001626C8 /* Build configuration list for PBXProject "Coordinators" */;
			compatibilityVersion = "Xcode 9.3";
			developmentRegion = en;
			hasScannedForEncodings = 0;
			knownRegions = (
				en,
				Base,
			);
			mainGroup = ECAD82F522577F31001626C8;
			productRefGroup = ECAD82FF22577F31001626C8 /* Products */;
			projectDirPath = "";
			projectRoot = "";
			targets = (
				ECAD82FD22577F31001626C8 /* Coordinators */,
			);
		};
/* End PBXProject section */

/* Begin PBXResourcesBuildPhase section */
		ECAD82FC22577F31001626C8 /* Resources */ = {
			isa = PBXResourcesBuildPhase;
			buildActionMask = 2147483647;
			files = (
				ECAD830C22577F34001626C8 /* LaunchScreen.storyboard in Resources */,
				ECAD830922577F34001626C8 /* Assets.xcassets in Resources */,
				ECAD830722577F32001626C8 /* Main.storyboard in Resources */,
			);
			runOnlyForDeploymentPostprocessing = 0;
		};
/* End PBXResourcesBuildPhase section */

/* Begin PBXSourcesBuildPhase section */
		ECAD82FA22577F31001626C8 /* Sources */ = {
			isa = PBXSourcesBuildPhase;
			buildActionMask = 2147483647;
			files = (
				ECAD831C22578380001626C8 /* CreateAccountViewController.swift in Sources */,
				ECAD830422577F32001626C8 /* ViewController.swift in Sources */,
				ECAD830222577F32001626C8 /* AppDelegate.swift in Sources */,
				CDE1ADDF225BABE700F0D0E4 /* BuyCoordinator.swift in Sources */,
				ECAD831422577F6F001626C8 /* Coordinator.swift in Sources */,
				ECAD83182257814D001626C8 /* MainCoordinator.swift in Sources */,
				ECAD83162257801A001626C8 /* Storyboarded.swift in Sources */,
				ECAD831A22578377001626C8 /* BuyViewController.swift in Sources */,
			);
			runOnlyForDeploymentPostprocessing = 0;
		};
/* End PBXSourcesBuildPhase section */

/* Begin PBXVariantGroup section */
		ECAD830522577F32001626C8 /* Main.storyboard */ = {
			isa = PBXVariantGroup;
			children = (
				ECAD830622577F32001626C8 /* Base */,
			);
			name = Main.storyboard;
			sourceTree = "<group>";
		};
		ECAD830A22577F34001626C8 /* LaunchScreen.storyboard */ = {
			isa = PBXVariantGroup;
			children = (
				ECAD830B22577F34001626C8 /* Base */,
			);
			name = LaunchScreen.storyboard;
			sourceTree = "<group>";
		};
/* End PBXVariantGroup section */

/* Begin XCBuildConfiguration section */
		ECAD830E22577F34001626C8 /* Debug */ = {
			isa = XCBuildConfiguration;
			buildSettings = {
				ALWAYS_SEARCH_USER_PATHS = NO;
				CLANG_ANALYZER_NONNULL = YES;
				CLANG_ANALYZER_NUMBER_OBJECT_CONVERSION = YES_AGGRESSIVE;
				CLANG_CXX_LANGUAGE_STANDARD = "gnu++14";
				CLANG_CXX_LIBRARY = "libc++";
				CLANG_ENABLE_MODULES = YES;
				CLANG_ENABLE_OBJC_ARC = YES;
				CLANG_ENABLE_OBJC_WEAK = YES;
				CLANG_WARN_BLOCK_CAPTURE_AUTORELEASING = YES;
				CLANG_WARN_BOOL_CONVERSION = YES;
				CLANG_WARN_COMMA = YES;
				CLANG_WARN_CONSTANT_CONVERSION = YES;
				CLANG_WARN_DEPRECATED_OBJC_IMPLEMENTATIONS = YES;
				CLANG_WARN_DIRECT_OBJC_ISA_USAGE = YES_ERROR;
				CLANG_WARN_DOCUMENTATION_COMMENTS = YES;
				CLANG_WARN_EMPTY_BODY = YES;
				CLANG_WARN_ENUM_CONVERSION = YES;
				CLANG_WARN_INFINITE_RECURSION = YES;
				CLANG_WARN_INT_CONVERSION = YES;
				CLANG_WARN_NON_LITERAL_NULL_CONVERSION = YES;
				CLANG_WARN_OBJC_IMPLICIT_RETAIN_SELF = YES;
				CLANG_WARN_OBJC_LITERAL_CONVERSION = YES;
				CLANG_WARN_OBJC_ROOT_CLASS = YES_ERROR;
				CLANG_WARN_RANGE_LOOP_ANALYSIS = YES;
				CLANG_WARN_STRICT_PROTOTYPES = YES;
				CLANG_WARN_SUSPICIOUS_MOVE = YES;
				CLANG_WARN_UNGUARDED_AVAILABILITY = YES_AGGRESSIVE;
				CLANG_WARN_UNREACHABLE_CODE = YES;
				CLANG_WARN__DUPLICATE_METHOD_MATCH = YES;
				CODE_SIGN_IDENTITY = "iPhone Developer";
				COPY_PHASE_STRIP = NO;
				DEBUG_INFORMATION_FORMAT = dwarf;
				ENABLE_STRICT_OBJC_MSGSEND = YES;
				ENABLE_TESTABILITY = YES;
				GCC_C_LANGUAGE_STANDARD = gnu11;
				GCC_DYNAMIC_NO_PIC = NO;
				GCC_NO_COMMON_BLOCKS = YES;
				GCC_OPTIMIZATION_LEVEL = 0;
				GCC_PREPROCESSOR_DEFINITIONS = (
					"DEBUG=1",
					"$(inherited)",
				);
				GCC_WARN_64_TO_32_BIT_CONVERSION = YES;
				GCC_WARN_ABOUT_RETURN_TYPE = YES_ERROR;
				GCC_WARN_UNDECLARED_SELECTOR = YES;
				GCC_WARN_UNINITIALIZED_AUTOS = YES_AGGRESSIVE;
				GCC_WARN_UNUSED_FUNCTION = YES;
				GCC_WARN_UNUSED_VARIABLE = YES;
				IPHONEOS_DEPLOYMENT_TARGET = 12.1;
				MTL_ENABLE_DEBUG_INFO = INCLUDE_SOURCE;
				MTL_FAST_MATH = YES;
				ONLY_ACTIVE_ARCH = YES;
				SDKROOT = iphoneos;
				SWIFT_ACTIVE_COMPILATION_CONDITIONS = DEBUG;
				SWIFT_OPTIMIZATION_LEVEL = "-Onone";
			};
			name = Debug;
		};
		ECAD830F22577F34001626C8 /* Release */ = {
			isa = XCBuildConfiguration;
			buildSettings = {
				ALWAYS_SEARCH_USER_PATHS = NO;
				CLANG_ANALYZER_NONNULL = YES;
				CLANG_ANALYZER_NUMBER_OBJECT_CONVERSION = YES_AGGRESSIVE;
				CLANG_CXX_LANGUAGE_STANDARD = "gnu++14";
				CLANG_CXX_LIBRARY = "libc++";
				CLANG_ENABLE_MODULES = YES;
				CLANG_ENABLE_OBJC_ARC = YES;
				CLANG_ENABLE_OBJC_WEAK = YES;
				CLANG_WARN_BLOCK_CAPTURE_AUTORELEASING = YES;
				CLANG_WARN_BOOL_CONVERSION = YES;
				CLANG_WARN_COMMA = YES;
				CLANG_WARN_CONSTANT_CONVERSION = YES;
				CLANG_WARN_DEPRECATED_OBJC_IMPLEMENTATIONS = YES;
				CLANG_WARN_DIRECT_OBJC_ISA_USAGE = YES_ERROR;
				CLANG_WARN_DOCUMENTATION_COMMENTS = YES;
				CLANG_WARN_EMPTY_BODY = YES;
				CLANG_WARN_ENUM_CONVERSION = YES;
				CLANG_WARN_INFINITE_RECURSION = YES;
				CLANG_WARN_INT_CONVERSION = YES;
				CLANG_WARN_NON_LITERAL_NULL_CONVERSION = YES;
				CLANG_WARN_OBJC_IMPLICIT_RETAIN_SELF = YES;
				CLANG_WARN_OBJC_LITERAL_CONVERSION = YES;
				CLANG_WARN_OBJC_ROOT_CLASS = YES_ERROR;
				CLANG_WARN_RANGE_LOOP_ANALYSIS = YES;
				CLANG_WARN_STRICT_PROTOTYPES = YES;
				CLANG_WARN_SUSPICIOUS_MOVE = YES;
				CLANG_WARN_UNGUARDED_AVAILABILITY = YES_AGGRESSIVE;
				CLANG_WARN_UNREACHABLE_CODE = YES;
				CLANG_WARN__DUPLICATE_METHOD_MATCH = YES;
				CODE_SIGN_IDENTITY = "iPhone Developer";
				COPY_PHASE_STRIP = NO;
				DEBUG_INFORMATION_FORMAT = "dwarf-with-dsym";
				ENABLE_NS_ASSERTIONS = NO;
				ENABLE_STRICT_OBJC_MSGSEND = YES;
				GCC_C_LANGUAGE_STANDARD = gnu11;
				GCC_NO_COMMON_BLOCKS = YES;
				GCC_WARN_64_TO_32_BIT_CONVERSION = YES;
				GCC_WARN_ABOUT_RETURN_TYPE = YES_ERROR;
				GCC_WARN_UNDECLARED_SELECTOR = YES;
				GCC_WARN_UNINITIALIZED_AUTOS = YES_AGGRESSIVE;
				GCC_WARN_UNUSED_FUNCTION = YES;
				GCC_WARN_UNUSED_VARIABLE = YES;
				IPHONEOS_DEPLOYMENT_TARGET = 12.1;
				MTL_ENABLE_DEBUG_INFO = NO;
				MTL_FAST_MATH = YES;
				SDKROOT = iphoneos;
				SWIFT_COMPILATION_MODE = wholemodule;
				SWIFT_OPTIMIZATION_LEVEL = "-O";
				VALIDATE_PRODUCT = YES;
			};
			name = Release;
		};
		ECAD831122577F34001626C8 /* Debug */ = {
			isa = XCBuildConfiguration;
			buildSettings = {
				ASSETCATALOG_COMPILER_APPICON_NAME = AppIcon;
				CODE_SIGN_STYLE = Automatic;
				DEVELOPMENT_TEAM = 8Q64HL9M7Y;
				INFOPLIST_FILE = Coordinators/Info.plist;
				LD_RUNPATH_SEARCH_PATHS = (
					"$(inherited)",
					"@executable_path/Frameworks",
				);
				PRODUCT_BUNDLE_IDENTIFIER = com.hoangduc.Coordinators;
				PRODUCT_NAME = "$(TARGET_NAME)";
				SWIFT_VERSION = 4.2;
				TARGETED_DEVICE_FAMILY = "1,2";
			};
			name = Debug;
		};
		ECAD831222577F34001626C8 /* Release */ = {
			isa = XCBuildConfiguration;
			buildSettings = {
				ASSETCATALOG_COMPILER_APPICON_NAME = AppIcon;
				CODE_SIGN_STYLE = Automatic;
				DEVELOPMENT_TEAM = 8Q64HL9M7Y;
				INFOPLIST_FILE = Coordinators/Info.plist;
				LD_RUNPATH_SEARCH_PATHS = (
					"$(inherited)",
					"@executable_path/Frameworks",
				);
				PRODUCT_BUNDLE_IDENTIFIER = com.hoangduc.Coordinators;
				PRODUCT_NAME = "$(TARGET_NAME)";
				SWIFT_VERSION = 4.2;
				TARGETED_DEVICE_FAMILY = "1,2";
			};
			name = Release;
		};
/* End XCBuildConfiguration section */

/* Begin XCConfigurationList section */
		ECAD82F922577F31001626C8 /* Build configuration list for PBXProject "Coordinators" */ = {
			isa = XCConfigurationList;
			buildConfigurations = (
				ECAD830E22577F34001626C8 /* Debug */,
				ECAD830F22577F34001626C8 /* Release */,
			);
			defaultConfigurationIsVisible = 0;
			defaultConfigurationName = Release;
		};
		ECAD831022577F34001626C8 /* Build configuration list for PBXNativeTarget "Coordinators" */ = {
			isa = XCConfigurationList;
			buildConfigurations = (
				ECAD831122577F34001626C8 /* Debug */,
				ECAD831222577F34001626C8 /* Release */,
			);
			defaultConfigurationIsVisible = 0;
			defaultConfigurationName = Release;
		};
/* End XCConfigurationList section */
	};
	rootObject = ECAD82F622577F31001626C8 /* Project object */;
}
